// !$*UTF8*$!
{
	archiveVersion = 1;
	classes = {
	};
	objectVersion = 50;
	objects = {

/* Begin PBXBuildFile section */
		5D6FD30D47E39084193B5F5F /* Pods_ScreenOnUITests.framework in Frameworks */ = {isa = PBXBuildFile; fileRef = F39F7B5D983C8FE276881110 /* Pods_ScreenOnUITests.framework */; };
		7252EE0320E7C04600094982 /* CoreDataManager.swift in Sources */ = {isa = PBXBuildFile; fileRef = 7252EE0220E7C04600094982 /* CoreDataManager.swift */; };
		7252EE0820E7C0D800094982 /* NSPersistentStoreCoordinator+ext.swift in Sources */ = {isa = PBXBuildFile; fileRef = 7252EE0720E7C0D800094982 /* NSPersistentStoreCoordinator+ext.swift */; };
		725ADD5120E7A1750068E8C4 /* NetworkMonitor.swift in Sources */ = {isa = PBXBuildFile; fileRef = 725ADD5020E7A1750068E8C4 /* NetworkMonitor.swift */; };
		72EF9BB120E8A1840053CB27 /* AdmobBannerViewController.swift in Sources */ = {isa = PBXBuildFile; fileRef = 72EF9BB020E8A1840053CB27 /* AdmobBannerViewController.swift */; };
		72EFF40320E7B86800B0DD26 /* LoginViewController.swift in Sources */ = {isa = PBXBuildFile; fileRef = 72EFF40220E7B86800B0DD26 /* LoginViewController.swift */; };
		72F1DBA220E7084700D74046 /* UIApplication+ext.swift in Sources */ = {isa = PBXBuildFile; fileRef = 72F1DBA120E7084700D74046 /* UIApplication+ext.swift */; };
		72F1DBA420E7089100D74046 /* UIViewController+ext.swift in Sources */ = {isa = PBXBuildFile; fileRef = 72F1DBA320E7089100D74046 /* UIViewController+ext.swift */; };
		72F8021020E7048E00FF21A4 /* AppDelegate.swift in Sources */ = {isa = PBXBuildFile; fileRef = 72F8020F20E7048E00FF21A4 /* AppDelegate.swift */; };
		72F8021220E7048E00FF21A4 /* ViewController.swift in Sources */ = {isa = PBXBuildFile; fileRef = 72F8021120E7048E00FF21A4 /* ViewController.swift */; };
		72F8021520E7048E00FF21A4 /* Main.storyboard in Resources */ = {isa = PBXBuildFile; fileRef = 72F8021320E7048E00FF21A4 /* Main.storyboard */; };
		72F8021820E7048E00FF21A4 /* ScreenOn.xcdatamodeld in Sources */ = {isa = PBXBuildFile; fileRef = 72F8021620E7048E00FF21A4 /* ScreenOn.xcdatamodeld */; };
		72F8021A20E7048F00FF21A4 /* Assets.xcassets in Resources */ = {isa = PBXBuildFile; fileRef = 72F8021920E7048F00FF21A4 /* Assets.xcassets */; };
		72F8021D20E7048F00FF21A4 /* LaunchScreen.storyboard in Resources */ = {isa = PBXBuildFile; fileRef = 72F8021B20E7048F00FF21A4 /* LaunchScreen.storyboard */; };
		72F8022820E7048F00FF21A4 /* ScreenOnTests.swift in Sources */ = {isa = PBXBuildFile; fileRef = 72F8022720E7048F00FF21A4 /* ScreenOnTests.swift */; };
		72F8023320E7048F00FF21A4 /* ScreenOnUITests.swift in Sources */ = {isa = PBXBuildFile; fileRef = 72F8023220E7048F00FF21A4 /* ScreenOnUITests.swift */; };
		72F8024420E704D900FF21A4 /* google.plist in Resources */ = {isa = PBXBuildFile; fileRef = 72F8024220E704D800FF21A4 /* google.plist */; };
		A42C0E8520EA6A73005300A5 /* UIView+ext.swift in Sources */ = {isa = PBXBuildFile; fileRef = A42C0E8420EA6A73005300A5 /* UIView+ext.swift */; };
		A42C0E8720EA6E5C005300A5 /* PeersViewController.swift in Sources */ = {isa = PBXBuildFile; fileRef = A42C0E8620EA6E5C005300A5 /* PeersViewController.swift */; };
		A42C0E8920EA6ED0005300A5 /* PeerSessionManager.swift in Sources */ = {isa = PBXBuildFile; fileRef = A42C0E8820EA6ED0005300A5 /* PeerSessionManager.swift */; };
		A44BDCD020EBB3B400CF7C23 /* CoreLocationManager.swift in Sources */ = {isa = PBXBuildFile; fileRef = A44BDCCF20EBB3B400CF7C23 /* CoreLocationManager.swift */; };
		E1E3C4AF9CEE56E28B152826 /* Pods_ScreenOnTests.framework in Frameworks */ = {isa = PBXBuildFile; fileRef = 557CC963C073F93F756AB15E /* Pods_ScreenOnTests.framework */; };
		EF4A8A15EEADC77457BC8E3C /* Pods_ScreenOn.framework in Frameworks */ = {isa = PBXBuildFile; fileRef = 2D9AC4F798F3BAEB96B3B125 /* Pods_ScreenOn.framework */; };
/* End PBXBuildFile section */

/* Begin PBXContainerItemProxy section */
		72F8022420E7048F00FF21A4 /* PBXContainerItemProxy */ = {
			isa = PBXContainerItemProxy;
			containerPortal = 72F8020420E7048E00FF21A4 /* Project object */;
			proxyType = 1;
			remoteGlobalIDString = 72F8020B20E7048E00FF21A4;
			remoteInfo = ScreenOn;
		};
		72F8022F20E7048F00FF21A4 /* PBXContainerItemProxy */ = {
			isa = PBXContainerItemProxy;
			containerPortal = 72F8020420E7048E00FF21A4 /* Project object */;
			proxyType = 1;
			remoteGlobalIDString = 72F8020B20E7048E00FF21A4;
			remoteInfo = ScreenOn;
		};
/* End PBXContainerItemProxy section */

/* Begin PBXFileReference section */
		2D9AC4F798F3BAEB96B3B125 /* Pods_ScreenOn.framework */ = {isa = PBXFileReference; explicitFileType = wrapper.framework; includeInIndex = 0; path = Pods_ScreenOn.framework; sourceTree = BUILT_PRODUCTS_DIR; };
		4351E7E5C12E39A9B61AA530 /* Pods-ScreenOn.release.xcconfig */ = {isa = PBXFileReference; includeInIndex = 1; lastKnownFileType = text.xcconfig; name = "Pods-ScreenOn.release.xcconfig"; path = "Pods/Target Support Files/Pods-ScreenOn/Pods-ScreenOn.release.xcconfig"; sourceTree = "<group>"; };
		51E3B892AA0FDBF5F0307252 /* Pods-ScreenOn.debug.xcconfig */ = {isa = PBXFileReference; includeInIndex = 1; lastKnownFileType = text.xcconfig; name = "Pods-ScreenOn.debug.xcconfig"; path = "Pods/Target Support Files/Pods-ScreenOn/Pods-ScreenOn.debug.xcconfig"; sourceTree = "<group>"; };
		557CC963C073F93F756AB15E /* Pods_ScreenOnTests.framework */ = {isa = PBXFileReference; explicitFileType = wrapper.framework; includeInIndex = 0; path = Pods_ScreenOnTests.framework; sourceTree = BUILT_PRODUCTS_DIR; };
		688E87BA786619682307485B /* Pods-ScreenOnUITests.debug.xcconfig */ = {isa = PBXFileReference; includeInIndex = 1; lastKnownFileType = text.xcconfig; name = "Pods-ScreenOnUITests.debug.xcconfig"; path = "Pods/Target Support Files/Pods-ScreenOnUITests/Pods-ScreenOnUITests.debug.xcconfig"; sourceTree = "<group>"; };
		7252EE0220E7C04600094982 /* CoreDataManager.swift */ = {isa = PBXFileReference; lastKnownFileType = sourcecode.swift; path = CoreDataManager.swift; sourceTree = "<group>"; };
		7252EE0720E7C0D800094982 /* NSPersistentStoreCoordinator+ext.swift */ = {isa = PBXFileReference; lastKnownFileType = sourcecode.swift; path = "NSPersistentStoreCoordinator+ext.swift"; sourceTree = "<group>"; };
		725ADD5020E7A1750068E8C4 /* NetworkMonitor.swift */ = {isa = PBXFileReference; lastKnownFileType = sourcecode.swift; path = NetworkMonitor.swift; sourceTree = "<group>"; };
		72EF9BB020E8A1840053CB27 /* AdmobBannerViewController.swift */ = {isa = PBXFileReference; lastKnownFileType = sourcecode.swift; path = AdmobBannerViewController.swift; sourceTree = "<group>"; };
		72EFF40220E7B86800B0DD26 /* LoginViewController.swift */ = {isa = PBXFileReference; lastKnownFileType = sourcecode.swift; path = LoginViewController.swift; sourceTree = "<group>"; };
		72F1DBA120E7084700D74046 /* UIApplication+ext.swift */ = {isa = PBXFileReference; lastKnownFileType = sourcecode.swift; path = "UIApplication+ext.swift"; sourceTree = "<group>"; };
		72F1DBA320E7089100D74046 /* UIViewController+ext.swift */ = {isa = PBXFileReference; lastKnownFileType = sourcecode.swift; path = "UIViewController+ext.swift"; sourceTree = "<group>"; };
		72F8020C20E7048E00FF21A4 /* ScreenOn.app */ = {isa = PBXFileReference; explicitFileType = wrapper.application; includeInIndex = 0; path = ScreenOn.app; sourceTree = BUILT_PRODUCTS_DIR; };
		72F8020F20E7048E00FF21A4 /* AppDelegate.swift */ = {isa = PBXFileReference; lastKnownFileType = sourcecode.swift; path = AppDelegate.swift; sourceTree = "<group>"; };
		72F8021120E7048E00FF21A4 /* ViewController.swift */ = {isa = PBXFileReference; lastKnownFileType = sourcecode.swift; path = ViewController.swift; sourceTree = "<group>"; };
		72F8021420E7048E00FF21A4 /* Base */ = {isa = PBXFileReference; lastKnownFileType = file.storyboard; name = Base; path = Base.lproj/Main.storyboard; sourceTree = "<group>"; };
		72F8021720E7048E00FF21A4 /* ScreenOn.xcdatamodel */ = {isa = PBXFileReference; lastKnownFileType = wrapper.xcdatamodel; path = ScreenOn.xcdatamodel; sourceTree = "<group>"; };
		72F8021920E7048F00FF21A4 /* Assets.xcassets */ = {isa = PBXFileReference; lastKnownFileType = folder.assetcatalog; path = Assets.xcassets; sourceTree = "<group>"; };
		72F8021C20E7048F00FF21A4 /* Base */ = {isa = PBXFileReference; lastKnownFileType = file.storyboard; name = Base; path = Base.lproj/LaunchScreen.storyboard; sourceTree = "<group>"; };
		72F8022320E7048F00FF21A4 /* ScreenOnTests.xctest */ = {isa = PBXFileReference; explicitFileType = wrapper.cfbundle; includeInIndex = 0; path = ScreenOnTests.xctest; sourceTree = BUILT_PRODUCTS_DIR; };
		72F8022720E7048F00FF21A4 /* ScreenOnTests.swift */ = {isa = PBXFileReference; lastKnownFileType = sourcecode.swift; path = ScreenOnTests.swift; sourceTree = "<group>"; };
		72F8022920E7048F00FF21A4 /* Info.plist */ = {isa = PBXFileReference; lastKnownFileType = text.plist.xml; path = Info.plist; sourceTree = "<group>"; };
		72F8022E20E7048F00FF21A4 /* ScreenOnUITests.xctest */ = {isa = PBXFileReference; explicitFileType = wrapper.cfbundle; includeInIndex = 0; path = ScreenOnUITests.xctest; sourceTree = BUILT_PRODUCTS_DIR; };
		72F8023220E7048F00FF21A4 /* ScreenOnUITests.swift */ = {isa = PBXFileReference; lastKnownFileType = sourcecode.swift; path = ScreenOnUITests.swift; sourceTree = "<group>"; };
		72F8023420E7048F00FF21A4 /* Info.plist */ = {isa = PBXFileReference; lastKnownFileType = text.plist.xml; path = Info.plist; sourceTree = "<group>"; };
		72F8024120E704D800FF21A4 /* Info.plist */ = {isa = PBXFileReference; fileEncoding = 4; lastKnownFileType = text.plist.xml; path = Info.plist; sourceTree = "<group>"; };
		72F8024220E704D800FF21A4 /* google.plist */ = {isa = PBXFileReference; fileEncoding = 4; lastKnownFileType = text.plist.xml; path = google.plist; sourceTree = "<group>"; };
		811FF324D7BD4F72CB820B1A /* Pods-ScreenOnUITests.release.xcconfig */ = {isa = PBXFileReference; includeInIndex = 1; lastKnownFileType = text.xcconfig; name = "Pods-ScreenOnUITests.release.xcconfig"; path = "Pods/Target Support Files/Pods-ScreenOnUITests/Pods-ScreenOnUITests.release.xcconfig"; sourceTree = "<group>"; };
		92F0567977342A510319FB10 /* Pods-ScreenOnTests.debug.xcconfig */ = {isa = PBXFileReference; includeInIndex = 1; lastKnownFileType = text.xcconfig; name = "Pods-ScreenOnTests.debug.xcconfig"; path = "Pods/Target Support Files/Pods-ScreenOnTests/Pods-ScreenOnTests.debug.xcconfig"; sourceTree = "<group>"; };
		A42C0E8420EA6A73005300A5 /* UIView+ext.swift */ = {isa = PBXFileReference; lastKnownFileType = sourcecode.swift; name = "UIView+ext.swift"; path = "ScreenOn/Controller/ViewController/UIView+ext.swift"; sourceTree = SOURCE_ROOT; };
		A42C0E8620EA6E5C005300A5 /* PeersViewController.swift */ = {isa = PBXFileReference; lastKnownFileType = sourcecode.swift; path = PeersViewController.swift; sourceTree = "<group>"; };
		A42C0E8820EA6ED0005300A5 /* PeerSessionManager.swift */ = {isa = PBXFileReference; lastKnownFileType = sourcecode.swift; path = PeerSessionManager.swift; sourceTree = "<group>"; };
		A44BDCCF20EBB3B400CF7C23 /* CoreLocationManager.swift */ = {isa = PBXFileReference; fileEncoding = 4; lastKnownFileType = sourcecode.swift; path = CoreLocationManager.swift; sourceTree = "<group>"; };
		C51D284EF12DD7E6245B0036 /* Pods-ScreenOnTests.release.xcconfig */ = {isa = PBXFileReference; includeInIndex = 1; lastKnownFileType = text.xcconfig; name = "Pods-ScreenOnTests.release.xcconfig"; path = "Pods/Target Support Files/Pods-ScreenOnTests/Pods-ScreenOnTests.release.xcconfig"; sourceTree = "<group>"; };
		F39F7B5D983C8FE276881110 /* Pods_ScreenOnUITests.framework */ = {isa = PBXFileReference; explicitFileType = wrapper.framework; includeInIndex = 0; path = Pods_ScreenOnUITests.framework; sourceTree = BUILT_PRODUCTS_DIR; };
/* End PBXFileReference section */

/* Begin PBXFrameworksBuildPhase section */
		72F8020920E7048E00FF21A4 /* Frameworks */ = {
			isa = PBXFrameworksBuildPhase;
			buildActionMask = 2147483647;
			files = (
				EF4A8A15EEADC77457BC8E3C /* Pods_ScreenOn.framework in Frameworks */,
			);
			runOnlyForDeploymentPostprocessing = 0;
		};
		72F8022020E7048F00FF21A4 /* Frameworks */ = {
			isa = PBXFrameworksBuildPhase;
			buildActionMask = 2147483647;
			files = (
				E1E3C4AF9CEE56E28B152826 /* Pods_ScreenOnTests.framework in Frameworks */,
			);
			runOnlyForDeploymentPostprocessing = 0;
		};
		72F8022B20E7048F00FF21A4 /* Frameworks */ = {
			isa = PBXFrameworksBuildPhase;
			buildActionMask = 2147483647;
			files = (
				5D6FD30D47E39084193B5F5F /* Pods_ScreenOnUITests.framework in Frameworks */,
			);
			runOnlyForDeploymentPostprocessing = 0;
		};
/* End PBXFrameworksBuildPhase section */

/* Begin PBXGroup section */
		424432F905BFCE427364247A /* Frameworks */ = {
			isa = PBXGroup;
			children = (
				2D9AC4F798F3BAEB96B3B125 /* Pods_ScreenOn.framework */,
				557CC963C073F93F756AB15E /* Pods_ScreenOnTests.framework */,
				F39F7B5D983C8FE276881110 /* Pods_ScreenOnUITests.framework */,
			);
			name = Frameworks;
			sourceTree = "<group>";
		};
		54F5A721B0BFC5D4B67C8A93 /* Pods */ = {
			isa = PBXGroup;
			children = (
				51E3B892AA0FDBF5F0307252 /* Pods-ScreenOn.debug.xcconfig */,
				4351E7E5C12E39A9B61AA530 /* Pods-ScreenOn.release.xcconfig */,
				92F0567977342A510319FB10 /* Pods-ScreenOnTests.debug.xcconfig */,
				C51D284EF12DD7E6245B0036 /* Pods-ScreenOnTests.release.xcconfig */,
				688E87BA786619682307485B /* Pods-ScreenOnUITests.debug.xcconfig */,
				811FF324D7BD4F72CB820B1A /* Pods-ScreenOnUITests.release.xcconfig */,
			);
			name = Pods;
			sourceTree = "<group>";
		};
		7252EE0420E7C04D00094982 /* Database */ = {
			isa = PBXGroup;
			children = (
				72F8021620E7048E00FF21A4 /* ScreenOn.xcdatamodeld */,
				7252EE0220E7C04600094982 /* CoreDataManager.swift */,
			);
			path = Database;
			sourceTree = "<group>";
		};
		7252EE0520E7C05400094982 /* Extension */ = {
			isa = PBXGroup;
			children = (
				7252EE0720E7C0D800094982 /* NSPersistentStoreCoordinator+ext.swift */,
			);
			path = Extension;
			sourceTree = "<group>";
		};
		7252EE0620E7C05D00094982 /* DeviceUtil */ = {
			isa = PBXGroup;
			children = (
				A44BDCCF20EBB3B400CF7C23 /* CoreLocationManager.swift */,
				725ADD5020E7A1750068E8C4 /* NetworkMonitor.swift */,
				A42C0E8820EA6ED0005300A5 /* PeerSessionManager.swift */,
			);
			path = DeviceUtil;
			sourceTree = "<group>";
		};
		72EFF40020E7AEDB00B0DD26 /* Asset */ = {
			isa = PBXGroup;
			children = (
				72F8021920E7048F00FF21A4 /* Assets.xcassets */,
			);
			path = Asset;
			sourceTree = "<group>";
		};
		72EFF40120E7B5CF00B0DD26 /* Custom */ = {
			isa = PBXGroup;
			children = (
			);
			path = Custom;
			sourceTree = "<group>";
		};
		72F1DB9B20E707D500D74046 /* Model */ = {
			isa = PBXGroup;
			children = (
				7252EE0520E7C05400094982 /* Extension */,
				7252EE0420E7C04D00094982 /* Database */,
				7252EE0620E7C05D00094982 /* DeviceUtil */,
			);
			path = Model;
			sourceTree = "<group>";
		};
		72F1DB9C20E707EA00D74046 /* View */ = {
			isa = PBXGroup;
			children = (
				72F1DB9E20E7080D00D74046 /* Extension */,
				72F1DB9D20E707FC00D74046 /* Storyboard */,
				72EFF40120E7B5CF00B0DD26 /* Custom */,
			);
			path = View;
			sourceTree = "<group>";
		};
		72F1DB9D20E707FC00D74046 /* Storyboard */ = {
			isa = PBXGroup;
			children = (
				72F8021320E7048E00FF21A4 /* Main.storyboard */,
				72F8021B20E7048F00FF21A4 /* LaunchScreen.storyboard */,
			);
			path = Storyboard;
			sourceTree = "<group>";
		};
		72F1DB9E20E7080D00D74046 /* Extension */ = {
			isa = PBXGroup;
			children = (
				A42C0E8420EA6A73005300A5 /* UIView+ext.swift */,
			);
			path = Extension;
			sourceTree = "<group>";
		};
		72F1DB9F20E7082200D74046 /* Controller */ = {
			isa = PBXGroup;
			children = (
				72F1DBA020E7082F00D74046 /* Extension */,
				A432131020E91663004C8BFD /* ViewController */,
				72F8020F20E7048E00FF21A4 /* AppDelegate.swift */,
			);
			path = Controller;
			sourceTree = "<group>";
		};
		72F1DBA020E7082F00D74046 /* Extension */ = {
			isa = PBXGroup;
			children = (
				72F1DBA120E7084700D74046 /* UIApplication+ext.swift */,
				72F1DBA320E7089100D74046 /* UIViewController+ext.swift */,
			);
			path = Extension;
			sourceTree = "<group>";
		};
		72F8020320E7048E00FF21A4 = {
			isa = PBXGroup;
			children = (
				72F8020E20E7048E00FF21A4 /* ScreenOn */,
				72F8022620E7048F00FF21A4 /* ScreenOnTests */,
				72F8023120E7048F00FF21A4 /* ScreenOnUITests */,
				72F8020D20E7048E00FF21A4 /* Products */,
				54F5A721B0BFC5D4B67C8A93 /* Pods */,
				424432F905BFCE427364247A /* Frameworks */,
			);
			sourceTree = "<group>";
		};
		72F8020D20E7048E00FF21A4 /* Products */ = {
			isa = PBXGroup;
			children = (
				72F8020C20E7048E00FF21A4 /* ScreenOn.app */,
				72F8022320E7048F00FF21A4 /* ScreenOnTests.xctest */,
				72F8022E20E7048F00FF21A4 /* ScreenOnUITests.xctest */,
			);
			name = Products;
			sourceTree = "<group>";
		};
		72F8020E20E7048E00FF21A4 /* ScreenOn */ = {
			isa = PBXGroup;
			children = (
				72EFF40020E7AEDB00B0DD26 /* Asset */,
				72F8024020E704BE00FF21A4 /* Config */,
				72F1DB9B20E707D500D74046 /* Model */,
				72F1DB9C20E707EA00D74046 /* View */,
				72F1DB9F20E7082200D74046 /* Controller */,
				72F8021120E7048E00FF21A4 /* ViewController.swift */,
			);
			path = ScreenOn;
			sourceTree = "<group>";
		};
		72F8022620E7048F00FF21A4 /* ScreenOnTests */ = {
			isa = PBXGroup;
			children = (
				72F8022720E7048F00FF21A4 /* ScreenOnTests.swift */,
				72F8022920E7048F00FF21A4 /* Info.plist */,
			);
			path = ScreenOnTests;
			sourceTree = "<group>";
		};
		72F8023120E7048F00FF21A4 /* ScreenOnUITests */ = {
			isa = PBXGroup;
			children = (
				72F8023220E7048F00FF21A4 /* ScreenOnUITests.swift */,
				72F8023420E7048F00FF21A4 /* Info.plist */,
			);
			path = ScreenOnUITests;
			sourceTree = "<group>";
		};
		72F8024020E704BE00FF21A4 /* Config */ = {
			isa = PBXGroup;
			children = (
				72F8024220E704D800FF21A4 /* google.plist */,
				72F8024120E704D800FF21A4 /* Info.plist */,
			);
			path = Config;
			sourceTree = "<group>";
		};
		A432131020E91663004C8BFD /* ViewController */ = {
			isa = PBXGroup;
			children = (
				72EFF40220E7B86800B0DD26 /* LoginViewController.swift */,
				72EF9BB020E8A1840053CB27 /* AdmobBannerViewController.swift */,
				A42C0E8620EA6E5C005300A5 /* PeersViewController.swift */,
			);
			path = ViewController;
			sourceTree = "<group>";
		};
/* End PBXGroup section */

/* Begin PBXNativeTarget section */
		72F8020B20E7048E00FF21A4 /* ScreenOn */ = {
			isa = PBXNativeTarget;
			buildConfigurationList = 72F8023720E7048F00FF21A4 /* Build configuration list for PBXNativeTarget "ScreenOn" */;
			buildPhases = (
				E9E170EF345FE7F7DF5B18FB /* [CP] Check Pods Manifest.lock */,
				72F8020820E7048E00FF21A4 /* Sources */,
				72F8020920E7048E00FF21A4 /* Frameworks */,
				72F8020A20E7048E00FF21A4 /* Resources */,
				2B7FB2392EEBE48F7551F46E /* [CP] Embed Pods Frameworks */,
				4560F59B91869574AA1B29A7 /* [CP] Copy Pods Resources */,
			);
			buildRules = (
			);
			dependencies = (
			);
			name = ScreenOn;
			productName = ScreenOn;
			productReference = 72F8020C20E7048E00FF21A4 /* ScreenOn.app */;
			productType = "com.apple.product-type.application";
		};
		72F8022220E7048F00FF21A4 /* ScreenOnTests */ = {
			isa = PBXNativeTarget;
			buildConfigurationList = 72F8023A20E7048F00FF21A4 /* Build configuration list for PBXNativeTarget "ScreenOnTests" */;
			buildPhases = (
				3EA5E1E015E5B3E2935686A3 /* [CP] Check Pods Manifest.lock */,
				72F8021F20E7048F00FF21A4 /* Sources */,
				72F8022020E7048F00FF21A4 /* Frameworks */,
				72F8022120E7048F00FF21A4 /* Resources */,
			);
			buildRules = (
			);
			dependencies = (
				72F8022520E7048F00FF21A4 /* PBXTargetDependency */,
			);
			name = ScreenOnTests;
			productName = ScreenOnTests;
			productReference = 72F8022320E7048F00FF21A4 /* ScreenOnTests.xctest */;
			productType = "com.apple.product-type.bundle.unit-test";
		};
		72F8022D20E7048F00FF21A4 /* ScreenOnUITests */ = {
			isa = PBXNativeTarget;
			buildConfigurationList = 72F8023D20E7048F00FF21A4 /* Build configuration list for PBXNativeTarget "ScreenOnUITests" */;
			buildPhases = (
				204BDB6BCD46915236930274 /* [CP] Check Pods Manifest.lock */,
				72F8022A20E7048F00FF21A4 /* Sources */,
				72F8022B20E7048F00FF21A4 /* Frameworks */,
				72F8022C20E7048F00FF21A4 /* Resources */,
			);
			buildRules = (
			);
			dependencies = (
				72F8023020E7048F00FF21A4 /* PBXTargetDependency */,
			);
			name = ScreenOnUITests;
			productName = ScreenOnUITests;
			productReference = 72F8022E20E7048F00FF21A4 /* ScreenOnUITests.xctest */;
			productType = "com.apple.product-type.bundle.ui-testing";
		};
/* End PBXNativeTarget section */

/* Begin PBXProject section */
		72F8020420E7048E00FF21A4 /* Project object */ = {
			isa = PBXProject;
			attributes = {
				LastSwiftUpdateCheck = 0940;
				LastUpgradeCheck = 0940;
				ORGANIZATIONNAME = "Chin Wee Kerk";
				TargetAttributes = {
					72F8020B20E7048E00FF21A4 = {
						CreatedOnToolsVersion = 9.4;
					};
					72F8022220E7048F00FF21A4 = {
						CreatedOnToolsVersion = 9.4;
						TestTargetID = 72F8020B20E7048E00FF21A4;
					};
					72F8022D20E7048F00FF21A4 = {
						CreatedOnToolsVersion = 9.4;
						TestTargetID = 72F8020B20E7048E00FF21A4;
					};
				};
			};
			buildConfigurationList = 72F8020720E7048E00FF21A4 /* Build configuration list for PBXProject "ScreenOn" */;
			compatibilityVersion = "Xcode 9.3";
			developmentRegion = en;
			hasScannedForEncodings = 0;
			knownRegions = (
				en,
				Base,
			);
			mainGroup = 72F8020320E7048E00FF21A4;
			productRefGroup = 72F8020D20E7048E00FF21A4 /* Products */;
			projectDirPath = "";
			projectRoot = "";
			targets = (
				72F8020B20E7048E00FF21A4 /* ScreenOn */,
				72F8022220E7048F00FF21A4 /* ScreenOnTests */,
				72F8022D20E7048F00FF21A4 /* ScreenOnUITests */,
			);
		};
/* End PBXProject section */

/* Begin PBXResourcesBuildPhase section */
		72F8020A20E7048E00FF21A4 /* Resources */ = {
			isa = PBXResourcesBuildPhase;
			buildActionMask = 2147483647;
			files = (
				72F8024420E704D900FF21A4 /* google.plist in Resources */,
				72F8021D20E7048F00FF21A4 /* LaunchScreen.storyboard in Resources */,
				72F8021A20E7048F00FF21A4 /* Assets.xcassets in Resources */,
				72F8021520E7048E00FF21A4 /* Main.storyboard in Resources */,
			);
			runOnlyForDeploymentPostprocessing = 0;
		};
		72F8022120E7048F00FF21A4 /* Resources */ = {
			isa = PBXResourcesBuildPhase;
			buildActionMask = 2147483647;
			files = (
			);
			runOnlyForDeploymentPostprocessing = 0;
		};
		72F8022C20E7048F00FF21A4 /* Resources */ = {
			isa = PBXResourcesBuildPhase;
			buildActionMask = 2147483647;
			files = (
			);
			runOnlyForDeploymentPostprocessing = 0;
		};
/* End PBXResourcesBuildPhase section */

/* Begin PBXShellScriptBuildPhase section */
		204BDB6BCD46915236930274 /* [CP] Check Pods Manifest.lock */ = {
			isa = PBXShellScriptBuildPhase;
			buildActionMask = 2147483647;
			files = (
			);
			inputPaths = (
				"${PODS_PODFILE_DIR_PATH}/Podfile.lock",
				"${PODS_ROOT}/Manifest.lock",
			);
			name = "[CP] Check Pods Manifest.lock";
			outputPaths = (
				"$(DERIVED_FILE_DIR)/Pods-ScreenOnUITests-checkManifestLockResult.txt",
			);
			runOnlyForDeploymentPostprocessing = 0;
			shellPath = /bin/sh;
			shellScript = "diff \"${PODS_PODFILE_DIR_PATH}/Podfile.lock\" \"${PODS_ROOT}/Manifest.lock\" > /dev/null\nif [ $? != 0 ] ; then\n    # print error to STDERR\n    echo \"error: The sandbox is not in sync with the Podfile.lock. Run 'pod install' or update your CocoaPods installation.\" >&2\n    exit 1\nfi\n# This output is used by Xcode 'outputs' to avoid re-running this script phase.\necho \"SUCCESS\" > \"${SCRIPT_OUTPUT_FILE_0}\"\n";
			showEnvVarsInLog = 0;
		};
		2B7FB2392EEBE48F7551F46E /* [CP] Embed Pods Frameworks */ = {
			isa = PBXShellScriptBuildPhase;
			buildActionMask = 2147483647;
			files = (
			);
			inputPaths = (
				"${SRCROOT}/Pods/Target Support Files/Pods-ScreenOn/Pods-ScreenOn-frameworks.sh",
				"${BUILT_PRODUCTS_DIR}/AFNetworking/AFNetworking.framework",
				"${BUILT_PRODUCTS_DIR}/Bolts/Bolts.framework",
				"${BUILT_PRODUCTS_DIR}/FBSDKCoreKit/FBSDKCoreKit.framework",
				"${BUILT_PRODUCTS_DIR}/FBSDKLoginKit/FBSDKLoginKit.framework",
				"${BUILT_PRODUCTS_DIR}/GTMOAuth2/GTMOAuth2.framework",
				"${BUILT_PRODUCTS_DIR}/GTMSessionFetcher/GTMSessionFetcher.framework",
				"${BUILT_PRODUCTS_DIR}/GoogleAPIClientForREST/GoogleAPIClientForREST.framework",
				"${BUILT_PRODUCTS_DIR}/GoogleToolboxForMac/GoogleToolboxForMac.framework",
				"${BUILT_PRODUCTS_DIR}/PersonalizedAdConsent/PersonalizedAdConsent.framework",
				"${BUILT_PRODUCTS_DIR}/PinterestSDK/PinterestSDK.framework",
				"${BUILT_PRODUCTS_DIR}/ReachabilitySwift/Reachability.framework",
				"${BUILT_PRODUCTS_DIR}/SAMKeychain/SAMKeychain.framework",
			);
			name = "[CP] Embed Pods Frameworks";
			outputPaths = (
				"${TARGET_BUILD_DIR}/${FRAMEWORKS_FOLDER_PATH}/AFNetworking.framework",
				"${TARGET_BUILD_DIR}/${FRAMEWORKS_FOLDER_PATH}/Bolts.framework",
				"${TARGET_BUILD_DIR}/${FRAMEWORKS_FOLDER_PATH}/FBSDKCoreKit.framework",
				"${TARGET_BUILD_DIR}/${FRAMEWORKS_FOLDER_PATH}/FBSDKLoginKit.framework",
				"${TARGET_BUILD_DIR}/${FRAMEWORKS_FOLDER_PATH}/GTMOAuth2.framework",
				"${TARGET_BUILD_DIR}/${FRAMEWORKS_FOLDER_PATH}/GTMSessionFetcher.framework",
				"${TARGET_BUILD_DIR}/${FRAMEWORKS_FOLDER_PATH}/GoogleAPIClientForREST.framework",
				"${TARGET_BUILD_DIR}/${FRAMEWORKS_FOLDER_PATH}/GoogleToolboxForMac.framework",
				"${TARGET_BUILD_DIR}/${FRAMEWORKS_FOLDER_PATH}/PersonalizedAdConsent.framework",
				"${TARGET_BUILD_DIR}/${FRAMEWORKS_FOLDER_PATH}/PinterestSDK.framework",
				"${TARGET_BUILD_DIR}/${FRAMEWORKS_FOLDER_PATH}/Reachability.framework",
				"${TARGET_BUILD_DIR}/${FRAMEWORKS_FOLDER_PATH}/SAMKeychain.framework",
			);
			runOnlyForDeploymentPostprocessing = 0;
			shellPath = /bin/sh;
			shellScript = "\"${SRCROOT}/Pods/Target Support Files/Pods-ScreenOn/Pods-ScreenOn-frameworks.sh\"\n";
			showEnvVarsInLog = 0;
		};
		3EA5E1E015E5B3E2935686A3 /* [CP] Check Pods Manifest.lock */ = {
			isa = PBXShellScriptBuildPhase;
			buildActionMask = 2147483647;
			files = (
			);
			inputPaths = (
				"${PODS_PODFILE_DIR_PATH}/Podfile.lock",
				"${PODS_ROOT}/Manifest.lock",
			);
			name = "[CP] Check Pods Manifest.lock";
			outputPaths = (
				"$(DERIVED_FILE_DIR)/Pods-ScreenOnTests-checkManifestLockResult.txt",
			);
			runOnlyForDeploymentPostprocessing = 0;
			shellPath = /bin/sh;
			shellScript = "diff \"${PODS_PODFILE_DIR_PATH}/Podfile.lock\" \"${PODS_ROOT}/Manifest.lock\" > /dev/null\nif [ $? != 0 ] ; then\n    # print error to STDERR\n    echo \"error: The sandbox is not in sync with the Podfile.lock. Run 'pod install' or update your CocoaPods installation.\" >&2\n    exit 1\nfi\n# This output is used by Xcode 'outputs' to avoid re-running this script phase.\necho \"SUCCESS\" > \"${SCRIPT_OUTPUT_FILE_0}\"\n";
			showEnvVarsInLog = 0;
		};
		4560F59B91869574AA1B29A7 /* [CP] Copy Pods Resources */ = {
			isa = PBXShellScriptBuildPhase;
			buildActionMask = 2147483647;
			files = (
			);
			inputPaths = (
				"${SRCROOT}/Pods/Target Support Files/Pods-ScreenOn/Pods-ScreenOn-resources.sh",
				"${PODS_ROOT}/GoogleSignIn/Resources/GoogleSignIn.bundle",
			);
			name = "[CP] Copy Pods Resources";
			outputPaths = (
				"${TARGET_BUILD_DIR}/${UNLOCALIZED_RESOURCES_FOLDER_PATH}/GoogleSignIn.bundle",
			);
			runOnlyForDeploymentPostprocessing = 0;
			shellPath = /bin/sh;
			shellScript = "\"${SRCROOT}/Pods/Target Support Files/Pods-ScreenOn/Pods-ScreenOn-resources.sh\"\n";
			showEnvVarsInLog = 0;
		};
		E9E170EF345FE7F7DF5B18FB /* [CP] Check Pods Manifest.lock */ = {
			isa = PBXShellScriptBuildPhase;
			buildActionMask = 2147483647;
			files = (
			);
			inputPaths = (
				"${PODS_PODFILE_DIR_PATH}/Podfile.lock",
				"${PODS_ROOT}/Manifest.lock",
			);
			name = "[CP] Check Pods Manifest.lock";
			outputPaths = (
				"$(DERIVED_FILE_DIR)/Pods-ScreenOn-checkManifestLockResult.txt",
			);
			runOnlyForDeploymentPostprocessing = 0;
			shellPath = /bin/sh;
			shellScript = "diff \"${PODS_PODFILE_DIR_PATH}/Podfile.lock\" \"${PODS_ROOT}/Manifest.lock\" > /dev/null\nif [ $? != 0 ] ; then\n    # print error to STDERR\n    echo \"error: The sandbox is not in sync with the Podfile.lock. Run 'pod install' or update your CocoaPods installation.\" >&2\n    exit 1\nfi\n# This output is used by Xcode 'outputs' to avoid re-running this script phase.\necho \"SUCCESS\" > \"${SCRIPT_OUTPUT_FILE_0}\"\n";
			showEnvVarsInLog = 0;
		};
/* End PBXShellScriptBuildPhase section */

/* Begin PBXSourcesBuildPhase section */
		72F8020820E7048E00FF21A4 /* Sources */ = {
			isa = PBXSourcesBuildPhase;
			buildActionMask = 2147483647;
			files = (
				72EFF40320E7B86800B0DD26 /* LoginViewController.swift in Sources */,
				A42C0E8920EA6ED0005300A5 /* PeerSessionManager.swift in Sources */,
				72F1DBA220E7084700D74046 /* UIApplication+ext.swift in Sources */,
				72EF9BB120E8A1840053CB27 /* AdmobBannerViewController.swift in Sources */,
				725ADD5120E7A1750068E8C4 /* NetworkMonitor.swift in Sources */,
				A44BDCD020EBB3B400CF7C23 /* CoreLocationManager.swift in Sources */,
				72F8021220E7048E00FF21A4 /* ViewController.swift in Sources */,
				72F8021820E7048E00FF21A4 /* ScreenOn.xcdatamodeld in Sources */,
				A42C0E8720EA6E5C005300A5 /* PeersViewController.swift in Sources */,
				7252EE0820E7C0D800094982 /* NSPersistentStoreCoordinator+ext.swift in Sources */,
				72F1DBA420E7089100D74046 /* UIViewController+ext.swift in Sources */,
				A42C0E8520EA6A73005300A5 /* UIView+ext.swift in Sources */,
				7252EE0320E7C04600094982 /* CoreDataManager.swift in Sources */,
				72F8021020E7048E00FF21A4 /* AppDelegate.swift in Sources */,
			);
			runOnlyForDeploymentPostprocessing = 0;
		};
		72F8021F20E7048F00FF21A4 /* Sources */ = {
			isa = PBXSourcesBuildPhase;
			buildActionMask = 2147483647;
			files = (
				72F8022820E7048F00FF21A4 /* ScreenOnTests.swift in Sources */,
			);
			runOnlyForDeploymentPostprocessing = 0;
		};
		72F8022A20E7048F00FF21A4 /* Sources */ = {
			isa = PBXSourcesBuildPhase;
			buildActionMask = 2147483647;
			files = (
				72F8023320E7048F00FF21A4 /* ScreenOnUITests.swift in Sources */,
			);
			runOnlyForDeploymentPostprocessing = 0;
		};
/* End PBXSourcesBuildPhase section */

/* Begin PBXTargetDependency section */
		72F8022520E7048F00FF21A4 /* PBXTargetDependency */ = {
			isa = PBXTargetDependency;
			target = 72F8020B20E7048E00FF21A4 /* ScreenOn */;
			targetProxy = 72F8022420E7048F00FF21A4 /* PBXContainerItemProxy */;
		};
		72F8023020E7048F00FF21A4 /* PBXTargetDependency */ = {
			isa = PBXTargetDependency;
			target = 72F8020B20E7048E00FF21A4 /* ScreenOn */;
			targetProxy = 72F8022F20E7048F00FF21A4 /* PBXContainerItemProxy */;
		};
/* End PBXTargetDependency section */

/* Begin PBXVariantGroup section */
		72F8021320E7048E00FF21A4 /* Main.storyboard */ = {
			isa = PBXVariantGroup;
			children = (
				72F8021420E7048E00FF21A4 /* Base */,
			);
			name = Main.storyboard;
			sourceTree = "<group>";
		};
		72F8021B20E7048F00FF21A4 /* LaunchScreen.storyboard */ = {
			isa = PBXVariantGroup;
			children = (
				72F8021C20E7048F00FF21A4 /* Base */,
			);
			name = LaunchScreen.storyboard;
			sourceTree = "<group>";
		};
/* End PBXVariantGroup section */

/* Begin XCBuildConfiguration section */
		72F8023520E7048F00FF21A4 /* Debug */ = {
			isa = XCBuildConfiguration;
			buildSettings = {
				ALWAYS_SEARCH_USER_PATHS = NO;
				CLANG_ANALYZER_NONNULL = YES;
				CLANG_ANALYZER_NUMBER_OBJECT_CONVERSION = YES_AGGRESSIVE;
				CLANG_CXX_LANGUAGE_STANDARD = "gnu++14";
				CLANG_CXX_LIBRARY = "libc++";
				CLANG_ENABLE_MODULES = YES;
				CLANG_ENABLE_OBJC_ARC = YES;
				CLANG_ENABLE_OBJC_WEAK = YES;
				CLANG_WARN_BLOCK_CAPTURE_AUTORELEASING = YES;
				CLANG_WARN_BOOL_CONVERSION = YES;
				CLANG_WARN_COMMA = YES;
				CLANG_WARN_CONSTANT_CONVERSION = YES;
				CLANG_WARN_DEPRECATED_OBJC_IMPLEMENTATIONS = YES;
				CLANG_WARN_DIRECT_OBJC_ISA_USAGE = YES_ERROR;
				CLANG_WARN_DOCUMENTATION_COMMENTS = YES;
				CLANG_WARN_EMPTY_BODY = YES;
				CLANG_WARN_ENUM_CONVERSION = YES;
				CLANG_WARN_INFINITE_RECURSION = YES;
				CLANG_WARN_INT_CONVERSION = YES;
				CLANG_WARN_NON_LITERAL_NULL_CONVERSION = YES;
				CLANG_WARN_OBJC_IMPLICIT_RETAIN_SELF = YES;
				CLANG_WARN_OBJC_LITERAL_CONVERSION = YES;
				CLANG_WARN_OBJC_ROOT_CLASS = YES_ERROR;
				CLANG_WARN_RANGE_LOOP_ANALYSIS = YES;
				CLANG_WARN_STRICT_PROTOTYPES = YES;
				CLANG_WARN_SUSPICIOUS_MOVE = YES;
				CLANG_WARN_UNGUARDED_AVAILABILITY = YES_AGGRESSIVE;
				CLANG_WARN_UNREACHABLE_CODE = YES;
				CLANG_WARN__DUPLICATE_METHOD_MATCH = YES;
				CODE_SIGN_IDENTITY = "iPhone Developer";
				COPY_PHASE_STRIP = NO;
				DEBUG_INFORMATION_FORMAT = dwarf;
				ENABLE_STRICT_OBJC_MSGSEND = YES;
				ENABLE_TESTABILITY = YES;
				GCC_C_LANGUAGE_STANDARD = gnu11;
				GCC_DYNAMIC_NO_PIC = NO;
				GCC_NO_COMMON_BLOCKS = YES;
				GCC_OPTIMIZATION_LEVEL = 0;
				GCC_PREPROCESSOR_DEFINITIONS = (
					"DEBUG=1",
					"$(inherited)",
				);
				GCC_WARN_64_TO_32_BIT_CONVERSION = YES;
				GCC_WARN_ABOUT_RETURN_TYPE = YES_ERROR;
				GCC_WARN_UNDECLARED_SELECTOR = YES;
				GCC_WARN_UNINITIALIZED_AUTOS = YES_AGGRESSIVE;
				GCC_WARN_UNUSED_FUNCTION = YES;
				GCC_WARN_UNUSED_VARIABLE = YES;
				IPHONEOS_DEPLOYMENT_TARGET = 11.0;
				MTL_ENABLE_DEBUG_INFO = YES;
				ONLY_ACTIVE_ARCH = YES;
				SDKROOT = iphoneos;
				SWIFT_ACTIVE_COMPILATION_CONDITIONS = DEBUG;
				SWIFT_OPTIMIZATION_LEVEL = "-Onone";
			};
			name = Debug;
		};
		72F8023620E7048F00FF21A4 /* Release */ = {
			isa = XCBuildConfiguration;
			buildSettings = {
				ALWAYS_SEARCH_USER_PATHS = NO;
				CLANG_ANALYZER_NONNULL = YES;
				CLANG_ANALYZER_NUMBER_OBJECT_CONVERSION = YES_AGGRESSIVE;
				CLANG_CXX_LANGUAGE_STANDARD = "gnu++14";
				CLANG_CXX_LIBRARY = "libc++";
				CLANG_ENABLE_MODULES = YES;
				CLANG_ENABLE_OBJC_ARC = YES;
				CLANG_ENABLE_OBJC_WEAK = YES;
				CLANG_WARN_BLOCK_CAPTURE_AUTORELEASING = YES;
				CLANG_WARN_BOOL_CONVERSION = YES;
				CLANG_WARN_COMMA = YES;
				CLANG_WARN_CONSTANT_CONVERSION = YES;
				CLANG_WARN_DEPRECATED_OBJC_IMPLEMENTATIONS = YES;
				CLANG_WARN_DIRECT_OBJC_ISA_USAGE = YES_ERROR;
				CLANG_WARN_DOCUMENTATION_COMMENTS = YES;
				CLANG_WARN_EMPTY_BODY = YES;
				CLANG_WARN_ENUM_CONVERSION = YES;
				CLANG_WARN_INFINITE_RECURSION = YES;
				CLANG_WARN_INT_CONVERSION = YES;
				CLANG_WARN_NON_LITERAL_NULL_CONVERSION = YES;
				CLANG_WARN_OBJC_IMPLICIT_RETAIN_SELF = YES;
				CLANG_WARN_OBJC_LITERAL_CONVERSION = YES;
				CLANG_WARN_OBJC_ROOT_CLASS = YES_ERROR;
				CLANG_WARN_RANGE_LOOP_ANALYSIS = YES;
				CLANG_WARN_STRICT_PROTOTYPES = YES;
				CLANG_WARN_SUSPICIOUS_MOVE = YES;
				CLANG_WARN_UNGUARDED_AVAILABILITY = YES_AGGRESSIVE;
				CLANG_WARN_UNREACHABLE_CODE = YES;
				CLANG_WARN__DUPLICATE_METHOD_MATCH = YES;
				CODE_SIGN_IDENTITY = "iPhone Developer";
				COPY_PHASE_STRIP = NO;
				DEBUG_INFORMATION_FORMAT = "dwarf-with-dsym";
				ENABLE_NS_ASSERTIONS = NO;
				ENABLE_STRICT_OBJC_MSGSEND = YES;
				GCC_C_LANGUAGE_STANDARD = gnu11;
				GCC_NO_COMMON_BLOCKS = YES;
				GCC_WARN_64_TO_32_BIT_CONVERSION = YES;
				GCC_WARN_ABOUT_RETURN_TYPE = YES_ERROR;
				GCC_WARN_UNDECLARED_SELECTOR = YES;
				GCC_WARN_UNINITIALIZED_AUTOS = YES_AGGRESSIVE;
				GCC_WARN_UNUSED_FUNCTION = YES;
				GCC_WARN_UNUSED_VARIABLE = YES;
				IPHONEOS_DEPLOYMENT_TARGET = 11.0;
				MTL_ENABLE_DEBUG_INFO = NO;
				SDKROOT = iphoneos;
				SWIFT_COMPILATION_MODE = wholemodule;
				SWIFT_OPTIMIZATION_LEVEL = "-O";
				VALIDATE_PRODUCT = YES;
			};
			name = Release;
		};
		72F8023820E7048F00FF21A4 /* Debug */ = {
			isa = XCBuildConfiguration;
			baseConfigurationReference = 51E3B892AA0FDBF5F0307252 /* Pods-ScreenOn.debug.xcconfig */;
			buildSettings = {
				ASSETCATALOG_COMPILER_APPICON_NAME = AppIcon;
				CODE_SIGN_STYLE = Automatic;
				DEVELOPMENT_TEAM = FT8DYS46LL;
				INFOPLIST_FILE = "$(SRCROOT)/ScreenOn/Config/Info.plist";
				IPHONEOS_DEPLOYMENT_TARGET = 9.0;
				LD_RUNPATH_SEARCH_PATHS = (
					"$(inherited)",
					"@executable_path/Frameworks",
				);
				PRODUCT_BUNDLE_IDENTIFIER = chinwee.ScreenOn;
				PRODUCT_NAME = "$(TARGET_NAME)";
				SWIFT_VERSION = 4.0;
				TARGETED_DEVICE_FAMILY = "1,2";
				VALID_ARCHS = "armv7 armv7s arm64";
			};
			name = Debug;
		};
		72F8023920E7048F00FF21A4 /* Release */ = {
			isa = XCBuildConfiguration;
			baseConfigurationReference = 4351E7E5C12E39A9B61AA530 /* Pods-ScreenOn.release.xcconfig */;
			buildSettings = {
				ASSETCATALOG_COMPILER_APPICON_NAME = AppIcon;
				CODE_SIGN_STYLE = Automatic;
				DEVELOPMENT_TEAM = FT8DYS46LL;
				INFOPLIST_FILE = "$(SRCROOT)/ScreenOn/Config/Info.plist";
				IPHONEOS_DEPLOYMENT_TARGET = 9.0;
				LD_RUNPATH_SEARCH_PATHS = (
					"$(inherited)",
					"@executable_path/Frameworks",
				);
				PRODUCT_BUNDLE_IDENTIFIER = chinwee.ScreenOn;
				PRODUCT_NAME = "$(TARGET_NAME)";
				SWIFT_VERSION = 4.0;
				TARGETED_DEVICE_FAMILY = "1,2";
				VALID_ARCHS = "armv7 armv7s arm64";
			};
			name = Release;
		};
		72F8023B20E7048F00FF21A4 /* Debug */ = {
			isa = XCBuildConfiguration;
			baseConfigurationReference = 92F0567977342A510319FB10 /* Pods-ScreenOnTests.debug.xcconfig */;
			buildSettings = {
				ALWAYS_EMBED_SWIFT_STANDARD_LIBRARIES = YES;
				BUNDLE_LOADER = "$(TEST_HOST)";
				CODE_SIGN_STYLE = Automatic;
				DEVELOPMENT_TEAM = FT8DYS46LL;
				INFOPLIST_FILE = ScreenOnTests/Info.plist;
				LD_RUNPATH_SEARCH_PATHS = (
					"$(inherited)",
					"@executable_path/Frameworks",
					"@loader_path/Frameworks",
				);
				PRODUCT_BUNDLE_IDENTIFIER = chinwee.ScreenOnTests;
				PRODUCT_NAME = "$(TARGET_NAME)";
				SWIFT_VERSION = 4.0;
				TARGETED_DEVICE_FAMILY = "1,2";
				TEST_HOST = "$(BUILT_PRODUCTS_DIR)/ScreenOn.app/ScreenOn";
			};
			name = Debug;
		};
		72F8023C20E7048F00FF21A4 /* Release */ = {
			isa = XCBuildConfiguration;
			baseConfigurationReference = C51D284EF12DD7E6245B0036 /* Pods-ScreenOnTests.release.xcconfig */;
			buildSettings = {
				ALWAYS_EMBED_SWIFT_STANDARD_LIBRARIES = YES;
				BUNDLE_LOADER = "$(TEST_HOST)";
				CODE_SIGN_STYLE = Automatic;
				DEVELOPMENT_TEAM = FT8DYS46LL;
				INFOPLIST_FILE = ScreenOnTests/Info.plist;
				LD_RUNPATH_SEARCH_PATHS = (
					"$(inherited)",
					"@executable_path/Frameworks",
					"@loader_path/Frameworks",
				);
				PRODUCT_BUNDLE_IDENTIFIER = chinwee.ScreenOnTests;
				PRODUCT_NAME = "$(TARGET_NAME)";
				SWIFT_VERSION = 4.0;
				TARGETED_DEVICE_FAMILY = "1,2";
				TEST_HOST = "$(BUILT_PRODUCTS_DIR)/ScreenOn.app/ScreenOn";
			};
			name = Release;
		};
		72F8023E20E7048F00FF21A4 /* Debug */ = {
			isa = XCBuildConfiguration;
			baseConfigurationReference = 688E87BA786619682307485B /* Pods-ScreenOnUITests.debug.xcconfig */;
			buildSettings = {
				ALWAYS_EMBED_SWIFT_STANDARD_LIBRARIES = YES;
				CODE_SIGN_STYLE = Automatic;
				DEVELOPMENT_TEAM = FT8DYS46LL;
				INFOPLIST_FILE = ScreenOnUITests/Info.plist;
				LD_RUNPATH_SEARCH_PATHS = (
					"$(inherited)",
					"@executable_path/Frameworks",
					"@loader_path/Frameworks",
				);
				PRODUCT_BUNDLE_IDENTIFIER = chinwee.ScreenOnUITests;
				PRODUCT_NAME = "$(TARGET_NAME)";
				SWIFT_VERSION = 4.0;
				TARGETED_DEVICE_FAMILY = "1,2";
				TEST_TARGET_NAME = ScreenOn;
			};
			name = Debug;
		};
		72F8023F20E7048F00FF21A4 /* Release */ = {
			isa = XCBuildConfiguration;
			baseConfigurationReference = 811FF324D7BD4F72CB820B1A /* Pods-ScreenOnUITests.release.xcconfig */;
			buildSettings = {
				ALWAYS_EMBED_SWIFT_STANDARD_LIBRARIES = YES;
				CODE_SIGN_STYLE = Automatic;
				DEVELOPMENT_TEAM = FT8DYS46LL;
				INFOPLIST_FILE = ScreenOnUITests/Info.plist;
				LD_RUNPATH_SEARCH_PATHS = (
					"$(inherited)",
					"@executable_path/Frameworks",
					"@loader_path/Frameworks",
				);
				PRODUCT_BUNDLE_IDENTIFIER = chinwee.ScreenOnUITests;
				PRODUCT_NAME = "$(TARGET_NAME)";
				SWIFT_VERSION = 4.0;
				TARGETED_DEVICE_FAMILY = "1,2";
				TEST_TARGET_NAME = ScreenOn;
			};
			name = Release;
		};
/* End XCBuildConfiguration section */

/* Begin XCConfigurationList section */
		72F8020720E7048E00FF21A4 /* Build configuration list for PBXProject "ScreenOn" */ = {
			isa = XCConfigurationList;
			buildConfigurations = (
				72F8023520E7048F00FF21A4 /* Debug */,
				72F8023620E7048F00FF21A4 /* Release */,
			);
			defaultConfigurationIsVisible = 0;
			defaultConfigurationName = Release;
		};
		72F8023720E7048F00FF21A4 /* Build configuration list for PBXNativeTarget "ScreenOn" */ = {
			isa = XCConfigurationList;
			buildConfigurations = (
				72F8023820E7048F00FF21A4 /* Debug */,
				72F8023920E7048F00FF21A4 /* Release */,
			);
			defaultConfigurationIsVisible = 0;
			defaultConfigurationName = Release;
		};
		72F8023A20E7048F00FF21A4 /* Build configuration list for PBXNativeTarget "ScreenOnTests" */ = {
			isa = XCConfigurationList;
			buildConfigurations = (
				72F8023B20E7048F00FF21A4 /* Debug */,
				72F8023C20E7048F00FF21A4 /* Release */,
			);
			defaultConfigurationIsVisible = 0;
			defaultConfigurationName = Release;
		};
		72F8023D20E7048F00FF21A4 /* Build configuration list for PBXNativeTarget "ScreenOnUITests" */ = {
			isa = XCConfigurationList;
			buildConfigurations = (
				72F8023E20E7048F00FF21A4 /* Debug */,
				72F8023F20E7048F00FF21A4 /* Release */,
			);
			defaultConfigurationIsVisible = 0;
			defaultConfigurationName = Release;
		};
/* End XCConfigurationList section */

/* Begin XCVersionGroup section */
		72F8021620E7048E00FF21A4 /* ScreenOn.xcdatamodeld */ = {
			isa = XCVersionGroup;
			children = (
				72F8021720E7048E00FF21A4 /* ScreenOn.xcdatamodel */,
			);
			currentVersion = 72F8021720E7048E00FF21A4 /* ScreenOn.xcdatamodel */;
			path = ScreenOn.xcdatamodeld;
			sourceTree = "<group>";
			versionGroupType = wrapper.xcdatamodel;
		};
/* End XCVersionGroup section */
	};
	rootObject = 72F8020420E7048E00FF21A4 /* Project object */;
}
